
Microsoft Visual Studio Solution File, Format Version 12.00
# Visual Studio Version 16
VisualStudioVersion = 16.0.29613.14
MinimumVisualStudioVersion = 10.0.40219.1
Project("{FAE04EC0-301F-11D3-BF4B-00C04F79EFBC}") = "MoonPhaseSettings", "MoonPhaseSettings.csproj", "{76290A14-A413-4CD1-BF21-75BFFEC4BDEB}"
EndProject
Global
	GlobalSection(SolutionConfigurationPlatforms) = preSolution
		Debug|Any CPU = Debug|Any CPU
		Release|Any CPU = Release|Any CPU
	EndGlobalSection
	GlobalSection(ProjectConfigurationPlatforms) = postSolution
		{76290A14-A413-4CD1-BF21-75BFFEC4BDEB}.Debug|Any CPU.ActiveCfg = Debug|Any CPU
		{76290A14-A413-4CD1-BF21-75BFFEC4BDEB}.Debug|Any CPU.Build.0 = Debug|Any CPU
		{76290A14-A413-4CD1-BF21-75BFFEC4BDEB}.Release|Any CPU.ActiveCfg = Release|Any CPU
		{76290A14-A413-4CD1-BF21-75BFFEC4BDEB}.Release|Any CPU.Build.0 = Release|Any CPU
	EndGlobalSection
	GlobalSection(SolutionProperties) = preSolution
		HideSolutionNode = FALSE
	EndGlobalSection
	GlobalSection(ExtensibilityGlobals) = postSolution
		SolutionGuid = {899519B5-BC40-4281-B8A7-D9F44B5950BD}
	EndGlobalSection
EndGlobal
