
Microsoft Visual Studio Solution File, Format Version 12.00
# Visual Studio Version 16
VisualStudioVersion = 16.0.29613.14
MinimumVisualStudioVersion = 10.0.40219.1
Project("{FAE04EC0-301F-11D3-BF4B-00C04F79EFBC}") = "MoonPhaseSettings", "MoonPhaseSettings\MoonPhaseSettings.csproj", "{559425E6-9BCF-4BF1-A8E1-1A8800DDAA76}"
EndProject
Project("{FAE04EC0-301F-11D3-BF4B-00C04F79EFBC}") = "MoonPhaseSettingsTests", "MoonPhaseSettingsTests\MoonPhaseSettingsTests.csproj", "{D81C8ADE-05D6-4195-BBA4-F2D02365431B}"
EndProject
Global
	GlobalSection(SolutionConfigurationPlatforms) = preSolution
		Debug|Any CPU = Debug|Any CPU
		Release|Any CPU = Release|Any CPU
	EndGlobalSection
	GlobalSection(ProjectConfigurationPlatforms) = postSolution
		{559425E6-9BCF-4BF1-A8E1-1A8800DDAA76}.Debug|Any CPU.ActiveCfg = Debug|Any CPU
		{559425E6-9BCF-4BF1-A8E1-1A8800DDAA76}.Debug|Any CPU.Build.0 = Debug|Any CPU
		{559425E6-9BCF-4BF1-A8E1-1A8800DDAA76}.Release|Any CPU.ActiveCfg = Release|Any CPU
		{559425E6-9BCF-4BF1-A8E1-1A8800DDAA76}.Release|Any CPU.Build.0 = Release|Any CPU
		{D81C8ADE-05D6-4195-BBA4-F2D02365431B}.Debug|Any CPU.ActiveCfg = Debug|Any CPU
		{D81C8ADE-05D6-4195-BBA4-F2D02365431B}.Debug|Any CPU.Build.0 = Debug|Any CPU
		{D81C8ADE-05D6-4195-BBA4-F2D02365431B}.Release|Any CPU.ActiveCfg = Release|Any CPU
		{D81C8ADE-05D6-4195-BBA4-F2D02365431B}.Release|Any CPU.Build.0 = Release|Any CPU
	EndGlobalSection
	GlobalSection(SolutionProperties) = preSolution
		HideSolutionNode = FALSE
	EndGlobalSection
	GlobalSection(ExtensibilityGlobals) = postSolution
		SolutionGuid = {899519B5-BC40-4281-B8A7-D9F44B5950BD}
	EndGlobalSection
EndGlobal
